
Microsoft Visual Studio Solution File, Format Version 12.00
# Visual Studio Version 17
VisualStudioVersion = 17.3.32922.545
MinimumVisualStudioVersion = 10.0.40219.1
Project("{FAE04EC0-301F-11D3-BF4B-00C04F79EFBC}") = "OrderTests", "OrderTests.csproj", "{CBCB08F0-748F-4E37-A6A4-418731B07435}"
EndProject
Global
	GlobalSection(SolutionConfigurationPlatforms) = preSolution
		Debug|Any CPU = Debug|Any CPU
		Release|Any CPU = Release|Any CPU
	EndGlobalSection
	GlobalSection(ProjectConfigurationPlatforms) = postSolution
		{CBCB08F0-748F-4E37-A6A4-418731B07435}.Debug|Any CPU.ActiveCfg = Debug|Any CPU
		{CBCB08F0-748F-4E37-A6A4-418731B07435}.Debug|Any CPU.Build.0 = Debug|Any CPU
		{CBCB08F0-748F-4E37-A6A4-418731B07435}.Release|Any CPU.ActiveCfg = Release|Any CPU
		{CBCB08F0-748F-4E37-A6A4-418731B07435}.Release|Any CPU.Build.0 = Release|Any CPU
	EndGlobalSection
	GlobalSection(SolutionProperties) = preSolution
		HideSolutionNode = FALSE
	EndGlobalSection
	GlobalSection(ExtensibilityGlobals) = postSolution
		SolutionGuid = {EB6FDF9C-C53D-4BB4-9DD5-1E828A7F0A0D}
	EndGlobalSection
EndGlobal
